<Project xmlns="http://schemas.microsoft.com/developer/msbuild/2003">
    <PropertyGroup>
        <ProjectGuid>{767d1996-8e3a-4e68-a38c-660e0d98e839}</ProjectGuid>
        <MainSource>Ordusrapport2.dpr</MainSource>
        <Configuration Condition=" '$(Configuration)' == '' ">Debug</Configuration>
        <DCC_DCCCompiler>DCC32</DCC_DCCCompiler>
        <DCC_DependencyCheckOutputName>Ordusrapport.exe</DCC_DependencyCheckOutputName>
        <FrameworkType>VCL</FrameworkType>
        <ProjectVersion>16.1</ProjectVersion>
        <Base>True</Base>
        <Config Condition="'$(Config)'==''">Release</Config>
        <Platform Condition="'$(Platform)'==''">Win32</Platform>
        <TargetedPlatforms>1</TargetedPlatforms>
        <AppType>Application</AppType>
    </PropertyGroup>
    <PropertyGroup Condition="'$(Config)'=='Base' or '$(Base)'!=''">
        <Base>true</Base>
    </PropertyGroup>
    <PropertyGroup Condition="('$(Platform)'=='Win32' and '$(Base)'=='true') or '$(Base_Win32)'!=''">
        <Base_Win32>true</Base_Win32>
        <CfgParent>Base</CfgParent>
        <Base>true</Base>
    </PropertyGroup>
    <PropertyGroup Condition="('$(Platform)'=='Win64' and '$(Base)'=='true') or '$(Base_Win64)'!=''">
        <Base_Win64>true</Base_Win64>
        <CfgParent>Base</CfgParent>
        <Base>true</Base>
    </PropertyGroup>
    <PropertyGroup Condition="'$(Config)'=='Release' or '$(Cfg_1)'!=''">
        <Cfg_1>true</Cfg_1>
        <CfgParent>Base</CfgParent>
        <Base>true</Base>
    </PropertyGroup>
    <PropertyGroup Condition="('$(Platform)'=='Win32' and '$(Cfg_1)'=='true') or '$(Cfg_1_Win32)'!=''">
        <Cfg_1_Win32>true</Cfg_1_Win32>
        <CfgParent>Cfg_1</CfgParent>
        <Cfg_1>true</Cfg_1>
        <Base>true</Base>
    </PropertyGroup>
    <PropertyGroup Condition="'$(Config)'=='Debug' or '$(Cfg_2)'!=''">
        <Cfg_2>true</Cfg_2>
        <CfgParent>Base</CfgParent>
        <Base>true</Base>
    </PropertyGroup>
    <PropertyGroup Condition="('$(Platform)'=='Win32' and '$(Cfg_2)'=='true') or '$(Cfg_2_Win32)'!=''">
        <Cfg_2_Win32>true</Cfg_2_Win32>
        <CfgParent>Cfg_2</CfgParent>
        <Cfg_2>true</Cfg_2>
        <Base>true</Base>
    </PropertyGroup>
    <PropertyGroup Condition="'$(Base)'!=''">
        <SanitizedProjectName>Ordusrapport2</SanitizedProjectName>
        <DCC_Namespace>Vcl;Vcl.Imaging;Vcl.Touch;Vcl.Samples;Vcl.Shell;System;Xml;Data;Datasnap;Web;Soap;Winapi;Data.Win;Bde;System.Win;$(DCC_Namespace)</DCC_Namespace>
        <VerInfo_Locale>1053</VerInfo_Locale>
        <VerInfo_Keys>CompanyName=;FileDescription=;FileVersion=1.0.0.0;InternalName=;LegalCopyright=;LegalTrademarks=;OriginalFilename=;ProductName=;ProductVersion=1.0.0.0;Comments=</VerInfo_Keys>
    </PropertyGroup>
    <PropertyGroup Condition="'$(Base_Win32)'!=''">
        <VerInfo_MinorVer>1</VerInfo_MinorVer>
        <VerInfo_MajorVer>4</VerInfo_MajorVer>
        <VerInfo_Keys>CompanyName=;FileDescription=;FileVersion=4.1.0.1;InternalName=;LegalCopyright=;LegalTrademarks=;OriginalFilename=;ProductName=;ProductVersion=1.0.0.0;Comments=</VerInfo_Keys>
        <VerInfo_Build>1</VerInfo_Build>
        <DCC_Namespace>Datasnap.Win;Web.Win;Soap.Win;Xml.Win;$(DCC_Namespace)</DCC_Namespace>
        <Manifest_File>$(BDS)\bin\default_app.manifest</Manifest_File>
        <VerInfo_IncludeVerInfo>true</VerInfo_IncludeVerInfo>
        <Debugger_RunParams>   </Debugger_RunParams>
        <Icon_MainIcon>Ordusrapport_Icon.ico</Icon_MainIcon>
    </PropertyGroup>
    <PropertyGroup Condition="'$(Base_Win64)'!=''">
        <Manifest_File>$(BDS)\bin\default_app.manifest</Manifest_File>
        <VerInfo_Locale>1033</VerInfo_Locale>
        <DCC_Namespace>Datasnap.Win;Web.Win;Soap.Win;Xml.Win;$(DCC_Namespace)</DCC_Namespace>
        <VerInfo_IncludeVerInfo>true</VerInfo_IncludeVerInfo>
        <Icon_MainIcon>Ordusrapport_Icon.ico</Icon_MainIcon>
    </PropertyGroup>
    <PropertyGroup Condition="'$(Cfg_1)'!=''">
        <DCC_ExeOutput>C:\Users\Peter Holzer\Documents\Projekt\AMEK\Ängelholms Mek 2007 - Aktuell version\Exe\</DCC_ExeOutput>
        <VerInfo_AutoIncVersion>true</VerInfo_AutoIncVersion>
        <VerInfo_MajorVer>4</VerInfo_MajorVer>
        <VerInfo_IncludeVerInfo>true</VerInfo_IncludeVerInfo>
        <VerInfo_Keys>CompanyName=;FileDescription=;FileVersion=4.0.0.0;InternalName=;LegalCopyright=;LegalTrademarks=;OriginalFilename=;ProductName=;ProductVersion=1.0.0.0;Comments=</VerInfo_Keys>
        <Manifest_File>$(BDS)\bin\default_app.manifest</Manifest_File>
        <Version>7.0</Version>
        <DCC_Alignment>1</DCC_Alignment>
        <DCC_DebugInformation>0</DCC_DebugInformation>
        <DCC_WriteableConstants>True</DCC_WriteableConstants>
        <DCC_LocalDebugSymbols>False</DCC_LocalDebugSymbols>
        <DCC_SymbolReferenceInfo>0</DCC_SymbolReferenceInfo>
        <DCC_Define>RELEASE;$(DCC_Define)</DCC_Define>
    </PropertyGroup>
    <PropertyGroup Condition="'$(Cfg_1_Win32)'!=''">
        <Debugger_RunParams>/SLENOPEHO /DOrdus</Debugger_RunParams>
        <VerInfo_MajorVer>5</VerInfo_MajorVer>
        <VerInfo_Build>14</VerInfo_Build>
        <Manifest_File>None</Manifest_File>
        <VerInfo_Locale>1033</VerInfo_Locale>
        <VerInfo_MinorVer>1</VerInfo_MinorVer>
        <VerInfo_Keys>CompanyName=;FileDescription=;FileVersion=5.1.0.14;InternalName=;LegalCopyright=;LegalTrademarks=;OriginalFilename=;ProductName=;ProductVersion=1.0.0.0;Comments=</VerInfo_Keys>
    </PropertyGroup>
    <PropertyGroup Condition="'$(Cfg_2)'!=''">
        <Manifest_File>$(BDS)\bin\default_app.manifest</Manifest_File>
        <DCC_ExeOutput>C:\Users\peho\Documents\Projekt\AMEK\Ängelholms Mek 2007 - Aktuell version\Exe\</DCC_ExeOutput>
        <Version>7.0</Version>
        <DCC_Alignment>1</DCC_Alignment>
        <DCC_WriteableConstants>True</DCC_WriteableConstants>
        <DCC_Define>DEBUG;$(DCC_Define)</DCC_Define>
    </PropertyGroup>
    <PropertyGroup Condition="'$(Cfg_2_Win32)'!=''">
        <DCC_ExeOutput>C:\Users\Peter Holzer\Documents\Projekt\AMEK\Ängelholms Mek 2007 - Aktuell version\Exe\</DCC_ExeOutput>
        <VerInfo_Build>1</VerInfo_Build>
        <VerInfo_MinorVer>1</VerInfo_MinorVer>
        <Debugger_RunParams> /sLENOPEHO /DOrdusNew</Debugger_RunParams>
        <VerInfo_MajorVer>5</VerInfo_MajorVer>
        <VerInfo_Keys>CompanyName=;FileDescription=;FileVersion=5.1.0.1;InternalName=;LegalCopyright=;LegalTrademarks=;OriginalFilename=;ProductName=;ProductVersion=1.0.0.0;Comments=</VerInfo_Keys>
        <VerInfo_IncludeVerInfo>true</VerInfo_IncludeVerInfo>
    </PropertyGroup>
    <ProjectExtensions>
        <Borland.Personality>Delphi.Personality.12</Borland.Personality>
        <Borland.ProjectType>VCLApplication</Borland.ProjectType>
        <BorlandProject>
            <Delphi.Personality>
                <Parameters>
                    <Parameters Name="RunParams">/Ssnpeho /DOrdus</Parameters>
                    <Parameters Name="UseLauncher">False</Parameters>
                    <Parameters Name="LoadAllSymbols">True</Parameters>
                    <Parameters Name="LoadUnspecifiedSymbols">False</Parameters>
                </Parameters>
                <Language>
                    <Language Name="ProjectLang">$0000041D</Language>
                </Language>
                <VersionInfo>
                    <VersionInfo Name="IncludeVerInfo">False</VersionInfo>
                    <VersionInfo Name="AutoIncBuild">False</VersionInfo>
                    <VersionInfo Name="MajorVer">1</VersionInfo>
                    <VersionInfo Name="MinorVer">0</VersionInfo>
                    <VersionInfo Name="Release">0</VersionInfo>
                    <VersionInfo Name="Build">0</VersionInfo>
                    <VersionInfo Name="Debug">False</VersionInfo>
                    <VersionInfo Name="PreRelease">False</VersionInfo>
                    <VersionInfo Name="Special">False</VersionInfo>
                    <VersionInfo Name="Private">False</VersionInfo>
                    <VersionInfo Name="DLL">False</VersionInfo>
                    <VersionInfo Name="Locale">1053</VersionInfo>
                    <VersionInfo Name="CodePage">1252</VersionInfo>
                </VersionInfo>
                <VersionInfoKeys>
                    <VersionInfoKeys Name="CompanyName"/>
                    <VersionInfoKeys Name="FileDescription"/>
                    <VersionInfoKeys Name="FileVersion">1.0.0.0</VersionInfoKeys>
                    <VersionInfoKeys Name="InternalName"/>
                    <VersionInfoKeys Name="LegalCopyright"/>
                    <VersionInfoKeys Name="LegalTrademarks"/>
                    <VersionInfoKeys Name="OriginalFilename"/>
                    <VersionInfoKeys Name="ProductName"/>
                    <VersionInfoKeys Name="ProductVersion">1.0.0.0</VersionInfoKeys>
                    <VersionInfoKeys Name="Comments"/>
                </VersionInfoKeys>
                <Source>
                    <Source Name="MainSource">Ordusrapport2.dpr</Source>
                </Source>
                <Excluded_Packages>
                    <Excluded_Packages Name="$(BDSBIN)\dcloffice2k210.bpl">Microsoft Office 2000 Sample Automation Server Wrapper Components</Excluded_Packages>
                </Excluded_Packages>
            </Delphi.Personality>
            <ModelSupport>False</ModelSupport>
            <Platforms>
                <Platform value="Win32">True</Platform>
                <Platform value="Win64">False</Platform>
            </Platforms>
        </BorlandProject>
        <ProjectFileVersion>12</ProjectFileVersion>
    </ProjectExtensions>
    <Import Project="$(BDS)\Bin\CodeGear.Delphi.Targets"/>
    <ItemGroup>
        <DelphiCompile Include="$(MainSource)">
            <MainSource>MainSource</MainSource>
        </DelphiCompile>
        <DCCReference Include="fMainRapport2.pas">
            <Form>frmOrdusrapport2</Form>
        </DCCReference>
        <DCCReference Include="fCalc.pas">
            <Form>frmCalc</Form>
        </DCCReference>
        <DCCReference Include="rEtikett.pas">
            <Form>rptEtikett</Form>
        </DCCReference>
        <DCCReference Include="fLagersaldo.pas">
            <Form>frmLagersaldo</Form>
        </DCCReference>
        <DCCReference Include="fFoljesedel.pas">
            <Form>frmFoljesedel</Form>
        </DCCReference>
        <DCCReference Include="rFoljesedel.pas">
            <Form>rptFoljesedel</Form>
        </DCCReference>
        <DCCReference Include="Datamodule.pas">
            <Form>dm</Form>
            <DesignClass>TDataModule</DesignClass>
        </DCCReference>
        <DCCReference Include="rPallEtikett.pas">
            <Form>rptPallEtikett</Form>
        </DCCReference>
        <DCCReference Include="fNyFoljesedel.pas">
            <Form>frmNyFoljesedel</Form>
        </DCCReference>
        <DCCReference Include="fEditBeteckning.pas">
            <Form>frmEditbeteckning</Form>
        </DCCReference>
        <DCCReference Include="rLagerplatsetikett.pas">
            <Form>rptLagerplatsEtikett</Form>
        </DCCReference>
        <DCCReference Include="fNotering.pas">
            <Form>frmNotering</Form>
        </DCCReference>
        <DCCReference Include="fKalender.pas">
            <Form>frmKalender</Form>
        </DCCReference>
        <DCCReference Include="funclib.pas"/>
        <DCCReference Include="fConnectionEdit.pas">
            <Form>frmConnectionEdit</Form>
            <FormType>dfm</FormType>
        </DCCReference>
        <DCCReference Include="dSimple.pas">
            <Form>dlgSimple</Form>
            <FormType>dfm</FormType>
        </DCCReference>
        <DCCReference Include="fTransport.pas">
            <Form>frmTransport</Form>
            <FormType>dfm</FormType>
        </DCCReference>
        <DCCReference Include="fKontakter.pas">
            <Form>frmKontakter</Form>
            <FormType>dfm</FormType>
        </DCCReference>
        <DCCReference Include="fKontaktEdit.pas">
            <Form>frmKontaktEdit</Form>
            <FormType>dfm</FormType>
        </DCCReference>
        <DCCReference Include="fStdRV.pas">
            <Form>frmStdRV</Form>
            <FormType>dfm</FormType>
        </DCCReference>
        <DCCReference Include="fjobblista.pas">
            <Form>frmJobblista</Form>
            <FormType>dfm</FormType>
        </DCCReference>
        <BuildConfiguration Include="Debug">
            <Key>Cfg_2</Key>
            <CfgParent>Base</CfgParent>
        </BuildConfiguration>
        <BuildConfiguration Include="Base">
            <Key>Base</Key>
        </BuildConfiguration>
        <BuildConfiguration Include="Release">
            <Key>Cfg_1</Key>
            <CfgParent>Base</CfgParent>
        </BuildConfiguration>
    </ItemGroup>
    <Import Project="$(APPDATA)\Embarcadero\$(BDSAPPDATABASEDIR)\$(PRODUCTVERSION)\UserTools.proj" Condition="Exists('$(APPDATA)\Embarcadero\$(BDSAPPDATABASEDIR)\$(PRODUCTVERSION)\UserTools.proj')"/>
    <Import Project="$(BDS)\Bin\CodeGear.Delphi.Targets" Condition="Exists('$(BDS)\Bin\CodeGear.Delphi.Targets')"/>
</Project>
